
Microsoft Visual Studio Solution File, Format Version 12.00
# Visual Studio Version 16
VisualStudioVersion = 16.0.30907.101
MinimumVisualStudioVersion = 10.0.40219.1
Project("{FAE04EC0-301F-11D3-BF4B-00C04F79EFBC}") = "RegionKit", "Region-Kit\RegionKit.csproj", "{A8D4F157-97E1-4CB6-9F79-7EDA989EC893}"
EndProject
Project("{2150E333-8FDC-42A3-9474-1A3956D46DE8}") = "Solution Items", "Solution Items", "{D2A8A87B-8FE6-4126-8BAB-3B545099D32A}"
	ProjectSection(SolutionItems) = preProject
		.editorconfig = .editorconfig
	EndProjectSection
EndProject
Global
	GlobalSection(SolutionConfigurationPlatforms) = preSolution
		Debug|Any CPU = Debug|Any CPU
		Release|Any CPU = Release|Any CPU
	EndGlobalSection
	GlobalSection(ProjectConfigurationPlatforms) = postSolution
		{A8D4F157-97E1-4CB6-9F79-7EDA989EC893}.Debug|Any CPU.ActiveCfg = Debug|Any CPU
		{A8D4F157-97E1-4CB6-9F79-7EDA989EC893}.Debug|Any CPU.Build.0 = Debug|Any CPU
		{A8D4F157-97E1-4CB6-9F79-7EDA989EC893}.Release|Any CPU.ActiveCfg = Release|Any CPU
		{A8D4F157-97E1-4CB6-9F79-7EDA989EC893}.Release|Any CPU.Build.0 = Release|Any CPU
	EndGlobalSection
	GlobalSection(SolutionProperties) = preSolution
		HideSolutionNode = FALSE
	EndGlobalSection
	GlobalSection(ExtensibilityGlobals) = postSolution
		SolutionGuid = {BA84874F-1AFC-48C8-85B7-C195C27FD955}
	EndGlobalSection
EndGlobal
