
Microsoft Visual Studio Solution File, Format Version 12.00
# Visual Studio 15
VisualStudioVersion = 15.0.28307.1401
MinimumVisualStudioVersion = 10.0.40219.1
Project("{FAE04EC0-301F-11D3-BF4B-00C04F79EFBC}") = "Region-Kit", "Region-Kit\Region-Kit.csproj", "{A8D4F157-97E1-4CB6-9F79-7EDA989EC893}"
EndProject
Global
	GlobalSection(SolutionConfigurationPlatforms) = preSolution
		Debug|Any CPU = Debug|Any CPU
		Release|Any CPU = Release|Any CPU
	EndGlobalSection
	GlobalSection(ProjectConfigurationPlatforms) = postSolution
		{A8D4F157-97E1-4CB6-9F79-7EDA989EC893}.Debug|Any CPU.ActiveCfg = Debug|Any CPU
		{A8D4F157-97E1-4CB6-9F79-7EDA989EC893}.Debug|Any CPU.Build.0 = Debug|Any CPU
		{A8D4F157-97E1-4CB6-9F79-7EDA989EC893}.Release|Any CPU.ActiveCfg = Release|Any CPU
		{A8D4F157-97E1-4CB6-9F79-7EDA989EC893}.Release|Any CPU.Build.0 = Release|Any CPU
	EndGlobalSection
	GlobalSection(SolutionProperties) = preSolution
		HideSolutionNode = FALSE
	EndGlobalSection
	GlobalSection(ExtensibilityGlobals) = postSolution
		SolutionGuid = {BA84874F-1AFC-48C8-85B7-C195C27FD955}
	EndGlobalSection
EndGlobal
